
Microsoft Visual Studio Solution File, Format Version 12.00
Project("{FAE04EC0-301F-11D3-BF4B-00C04F79EFBC}") = "SaraCafe.API", "SaraCafe.API\SaraCafe.API.csproj", "{55CD99D7-E460-4DA3-A888-937A6443C004}"
EndProject
Global
	GlobalSection(SolutionConfigurationPlatforms) = preSolution
		Debug|Any CPU = Debug|Any CPU
		Release|Any CPU = Release|Any CPU
	EndGlobalSection
	GlobalSection(ProjectConfigurationPlatforms) = postSolution
		{55CD99D7-E460-4DA3-A888-937A6443C004}.Debug|Any CPU.ActiveCfg = Debug|Any CPU
		{55CD99D7-E460-4DA3-A888-937A6443C004}.Debug|Any CPU.Build.0 = Debug|Any CPU
		{55CD99D7-E460-4DA3-A888-937A6443C004}.Release|Any CPU.ActiveCfg = Release|Any CPU
		{55CD99D7-E460-4DA3-A888-937A6443C004}.Release|Any CPU.Build.0 = Release|Any CPU
	EndGlobalSection
EndGlobal
